
Microsoft Visual Studio Solution File, Format Version 12.00
# Visual Studio Version 17
VisualStudioVersion = 17.14.36518.9 d17.14
MinimumVisualStudioVersion = 10.0.40219.1
Project("{FAE04EC0-301F-11D3-BF4B-00C04F79EFBC}") = "weather-api", "weather-api.csproj", "{A106DFB9-E192-4DFB-B0B3-31A5921568D4}"
EndProject
Global
	GlobalSection(SolutionConfigurationPlatforms) = preSolution
		Debug|Any CPU = Debug|Any CPU
		Release|Any CPU = Release|Any CPU
	EndGlobalSection
	GlobalSection(ProjectConfigurationPlatforms) = postSolution
		{A106DFB9-E192-4DFB-B0B3-31A5921568D4}.Debug|Any CPU.ActiveCfg = Debug|Any CPU
		{A106DFB9-E192-4DFB-B0B3-31A5921568D4}.Debug|Any CPU.Build.0 = Debug|Any CPU
		{A106DFB9-E192-4DFB-B0B3-31A5921568D4}.Release|Any CPU.ActiveCfg = Release|Any CPU
		{A106DFB9-E192-4DFB-B0B3-31A5921568D4}.Release|Any CPU.Build.0 = Release|Any CPU
	EndGlobalSection
	GlobalSection(SolutionProperties) = preSolution
		HideSolutionNode = FALSE
	EndGlobalSection
	GlobalSection(ExtensibilityGlobals) = postSolution
		SolutionGuid = {21CD64A7-4C7A-4FBA-8C31-2360A38886F4}
	EndGlobalSection
EndGlobal
